
Microsoft Visual Studio Solution File, Format Version 12.00
# Visual Studio Version 17
VisualStudioVersion = 17.1.32421.90
MinimumVisualStudioVersion = 10.0.40219.1
Project("{FAE04EC0-301F-11D3-BF4B-00C04F79EFBC}") = "Task11BracketExpression", "Task11BracketExpression.csproj", "{69DFDAC2-6A6C-4A6F-BB80-C1B526E746CD}"
EndProject
Global
	GlobalSection(SolutionConfigurationPlatforms) = preSolution
		Debug|Any CPU = Debug|Any CPU
		Release|Any CPU = Release|Any CPU
	EndGlobalSection
	GlobalSection(ProjectConfigurationPlatforms) = postSolution
		{69DFDAC2-6A6C-4A6F-BB80-C1B526E746CD}.Debug|Any CPU.ActiveCfg = Debug|Any CPU
		{69DFDAC2-6A6C-4A6F-BB80-C1B526E746CD}.Debug|Any CPU.Build.0 = Debug|Any CPU
		{69DFDAC2-6A6C-4A6F-BB80-C1B526E746CD}.Release|Any CPU.ActiveCfg = Release|Any CPU
		{69DFDAC2-6A6C-4A6F-BB80-C1B526E746CD}.Release|Any CPU.Build.0 = Release|Any CPU
	EndGlobalSection
	GlobalSection(SolutionProperties) = preSolution
		HideSolutionNode = FALSE
	EndGlobalSection
	GlobalSection(ExtensibilityGlobals) = postSolution
		SolutionGuid = {8914220C-8E8D-4D51-9F14-3ABD028208BE}
	EndGlobalSection
EndGlobal
