
Microsoft Visual Studio Solution File, Format Version 12.00
# Visual Studio Version 17
VisualStudioVersion = 17.1.32421.90
MinimumVisualStudioVersion = 10.0.40219.1
Project("{FAE04EC0-301F-11D3-BF4B-00C04F79EFBC}") = "Task06WeaponReport", "Task06WeaponReport.csproj", "{0F243842-09BB-443F-AC37-1BF1B398ED88}"
EndProject
Global
	GlobalSection(SolutionConfigurationPlatforms) = preSolution
		Debug|Any CPU = Debug|Any CPU
		Release|Any CPU = Release|Any CPU
	EndGlobalSection
	GlobalSection(ProjectConfigurationPlatforms) = postSolution
		{0F243842-09BB-443F-AC37-1BF1B398ED88}.Debug|Any CPU.ActiveCfg = Debug|Any CPU
		{0F243842-09BB-443F-AC37-1BF1B398ED88}.Debug|Any CPU.Build.0 = Debug|Any CPU
		{0F243842-09BB-443F-AC37-1BF1B398ED88}.Release|Any CPU.ActiveCfg = Release|Any CPU
		{0F243842-09BB-443F-AC37-1BF1B398ED88}.Release|Any CPU.Build.0 = Release|Any CPU
	EndGlobalSection
	GlobalSection(SolutionProperties) = preSolution
		HideSolutionNode = FALSE
	EndGlobalSection
	GlobalSection(ExtensibilityGlobals) = postSolution
		SolutionGuid = {F1A5C315-CA31-4D2D-8015-4C461B6CC32A}
	EndGlobalSection
EndGlobal
