
Microsoft Visual Studio Solution File, Format Version 12.00
# Visual Studio Version 17
VisualStudioVersion = 17.1.32421.90
MinimumVisualStudioVersion = 10.0.40219.1
Project("{FAE04EC0-301F-11D3-BF4B-00C04F79EFBC}") = "Tasl05Transposition", "Tasl05Transposition.csproj", "{FA45FF28-A9D6-46B2-BCBB-4BDF97B1114B}"
EndProject
Global
	GlobalSection(SolutionConfigurationPlatforms) = preSolution
		Debug|Any CPU = Debug|Any CPU
		Release|Any CPU = Release|Any CPU
	EndGlobalSection
	GlobalSection(ProjectConfigurationPlatforms) = postSolution
		{FA45FF28-A9D6-46B2-BCBB-4BDF97B1114B}.Debug|Any CPU.ActiveCfg = Debug|Any CPU
		{FA45FF28-A9D6-46B2-BCBB-4BDF97B1114B}.Debug|Any CPU.Build.0 = Debug|Any CPU
		{FA45FF28-A9D6-46B2-BCBB-4BDF97B1114B}.Release|Any CPU.ActiveCfg = Release|Any CPU
		{FA45FF28-A9D6-46B2-BCBB-4BDF97B1114B}.Release|Any CPU.Build.0 = Release|Any CPU
	EndGlobalSection
	GlobalSection(SolutionProperties) = preSolution
		HideSolutionNode = FALSE
	EndGlobalSection
	GlobalSection(ExtensibilityGlobals) = postSolution
		SolutionGuid = {DD365DE8-2D2D-4DFC-B802-FCDCB3B553CC}
	EndGlobalSection
EndGlobal
