
Microsoft Visual Studio Solution File, Format Version 12.00
# Visual Studio Version 17
VisualStudioVersion = 17.1.32421.90
MinimumVisualStudioVersion = 10.0.40219.1
Project("{FAE04EC0-301F-11D3-BF4B-00C04F79EFBC}") = "Task08PasswordProtectedProgram", "Task08PasswordProtectedProgram.csproj", "{39A6FB04-1A0C-48E1-A9AF-996A7A012A96}"
EndProject
Global
	GlobalSection(SolutionConfigurationPlatforms) = preSolution
		Debug|Any CPU = Debug|Any CPU
		Release|Any CPU = Release|Any CPU
	EndGlobalSection
	GlobalSection(ProjectConfigurationPlatforms) = postSolution
		{39A6FB04-1A0C-48E1-A9AF-996A7A012A96}.Debug|Any CPU.ActiveCfg = Debug|Any CPU
		{39A6FB04-1A0C-48E1-A9AF-996A7A012A96}.Debug|Any CPU.Build.0 = Debug|Any CPU
		{39A6FB04-1A0C-48E1-A9AF-996A7A012A96}.Release|Any CPU.ActiveCfg = Release|Any CPU
		{39A6FB04-1A0C-48E1-A9AF-996A7A012A96}.Release|Any CPU.Build.0 = Release|Any CPU
	EndGlobalSection
	GlobalSection(SolutionProperties) = preSolution
		HideSolutionNode = FALSE
	EndGlobalSection
	GlobalSection(ExtensibilityGlobals) = postSolution
		SolutionGuid = {4DB85A25-A6A7-4FD2-9D6C-A73F55D035E1}
	EndGlobalSection
EndGlobal
