
Microsoft Visual Studio Solution File, Format Version 12.00
# Visual Studio Version 17
VisualStudioVersion = 17.1.32421.90
MinimumVisualStudioVersion = 10.0.40219.1
Project("{FAE04EC0-301F-11D3-BF4B-00C04F79EFBC}") = "Task02ExitControl", "Task02ExitControl.csproj", "{B5324D05-9994-4BA5-9D05-884CFEC3717D}"
EndProject
Global
	GlobalSection(SolutionConfigurationPlatforms) = preSolution
		Debug|Any CPU = Debug|Any CPU
		Release|Any CPU = Release|Any CPU
	EndGlobalSection
	GlobalSection(ProjectConfigurationPlatforms) = postSolution
		{B5324D05-9994-4BA5-9D05-884CFEC3717D}.Debug|Any CPU.ActiveCfg = Debug|Any CPU
		{B5324D05-9994-4BA5-9D05-884CFEC3717D}.Debug|Any CPU.Build.0 = Debug|Any CPU
		{B5324D05-9994-4BA5-9D05-884CFEC3717D}.Release|Any CPU.ActiveCfg = Release|Any CPU
		{B5324D05-9994-4BA5-9D05-884CFEC3717D}.Release|Any CPU.Build.0 = Release|Any CPU
	EndGlobalSection
	GlobalSection(SolutionProperties) = preSolution
		HideSolutionNode = FALSE
	EndGlobalSection
	GlobalSection(ExtensibilityGlobals) = postSolution
		SolutionGuid = {98CD9739-F2E4-43EC-A08D-A05EA5262A32}
	EndGlobalSection
EndGlobal
