
Microsoft Visual Studio Solution File, Format Version 12.00
# Visual Studio Version 17
VisualStudioVersion = 17.1.32421.90
MinimumVisualStudioVersion = 10.0.40219.1
Project("{FAE04EC0-301F-11D3-BF4B-00C04F79EFBC}") = "Task03LocalMaxima", "Task03LocalMaxima.csproj", "{E36CF99C-6D1A-4831-BB72-FC83100FF7A3}"
EndProject
Global
	GlobalSection(SolutionConfigurationPlatforms) = preSolution
		Debug|Any CPU = Debug|Any CPU
		Release|Any CPU = Release|Any CPU
	EndGlobalSection
	GlobalSection(ProjectConfigurationPlatforms) = postSolution
		{E36CF99C-6D1A-4831-BB72-FC83100FF7A3}.Debug|Any CPU.ActiveCfg = Debug|Any CPU
		{E36CF99C-6D1A-4831-BB72-FC83100FF7A3}.Debug|Any CPU.Build.0 = Debug|Any CPU
		{E36CF99C-6D1A-4831-BB72-FC83100FF7A3}.Release|Any CPU.ActiveCfg = Release|Any CPU
		{E36CF99C-6D1A-4831-BB72-FC83100FF7A3}.Release|Any CPU.Build.0 = Release|Any CPU
	EndGlobalSection
	GlobalSection(SolutionProperties) = preSolution
		HideSolutionNode = FALSE
	EndGlobalSection
	GlobalSection(ExtensibilityGlobals) = postSolution
		SolutionGuid = {C4809C81-D994-46F3-A469-8AF35D828EF2}
	EndGlobalSection
EndGlobal
