
Microsoft Visual Studio Solution File, Format Version 12.00
# Visual Studio Version 17
VisualStudioVersion = 17.1.32421.90
MinimumVisualStudioVersion = 10.0.40219.1
Project("{FAE04EC0-301F-11D3-BF4B-00C04F79EFBC}") = "Task04DeckOfCards", "Task04DeckOfCards.csproj", "{A53FA2C5-BE6C-43B5-905D-8021DA6EDBBA}"
EndProject
Global
	GlobalSection(SolutionConfigurationPlatforms) = preSolution
		Debug|Any CPU = Debug|Any CPU
		Release|Any CPU = Release|Any CPU
	EndGlobalSection
	GlobalSection(ProjectConfigurationPlatforms) = postSolution
		{A53FA2C5-BE6C-43B5-905D-8021DA6EDBBA}.Debug|Any CPU.ActiveCfg = Debug|Any CPU
		{A53FA2C5-BE6C-43B5-905D-8021DA6EDBBA}.Debug|Any CPU.Build.0 = Debug|Any CPU
		{A53FA2C5-BE6C-43B5-905D-8021DA6EDBBA}.Release|Any CPU.ActiveCfg = Release|Any CPU
		{A53FA2C5-BE6C-43B5-905D-8021DA6EDBBA}.Release|Any CPU.Build.0 = Release|Any CPU
	EndGlobalSection
	GlobalSection(SolutionProperties) = preSolution
		HideSolutionNode = FALSE
	EndGlobalSection
	GlobalSection(ExtensibilityGlobals) = postSolution
		SolutionGuid = {072FF265-7720-422D-B716-EA4ADE755BA4}
	EndGlobalSection
EndGlobal
