
Microsoft Visual Studio Solution File, Format Version 12.00
# Visual Studio Version 17
VisualStudioVersion = 17.1.32421.90
MinimumVisualStudioVersion = 10.0.40219.1
Project("{FAE04EC0-301F-11D3-BF4B-00C04F79EFBC}") = "Task08ShiftArrayValues", "Task08ShiftArrayValues.csproj", "{13478023-3D5F-4DDF-AE11-C72364EC80DD}"
EndProject
Global
	GlobalSection(SolutionConfigurationPlatforms) = preSolution
		Debug|Any CPU = Debug|Any CPU
		Release|Any CPU = Release|Any CPU
	EndGlobalSection
	GlobalSection(ProjectConfigurationPlatforms) = postSolution
		{13478023-3D5F-4DDF-AE11-C72364EC80DD}.Debug|Any CPU.ActiveCfg = Debug|Any CPU
		{13478023-3D5F-4DDF-AE11-C72364EC80DD}.Debug|Any CPU.Build.0 = Debug|Any CPU
		{13478023-3D5F-4DDF-AE11-C72364EC80DD}.Release|Any CPU.ActiveCfg = Release|Any CPU
		{13478023-3D5F-4DDF-AE11-C72364EC80DD}.Release|Any CPU.Build.0 = Release|Any CPU
	EndGlobalSection
	GlobalSection(SolutionProperties) = preSolution
		HideSolutionNode = FALSE
	EndGlobalSection
	GlobalSection(ExtensibilityGlobals) = postSolution
		SolutionGuid = {5496E771-4AEF-4E51-AF38-1663B9896083}
	EndGlobalSection
EndGlobal
