
Microsoft Visual Studio Solution File, Format Version 12.00
# Visual Studio Version 17
VisualStudioVersion = 17.1.32421.90
MinimumVisualStudioVersion = 10.0.40219.1
Project("{FAE04EC0-301F-11D3-BF4B-00C04F79EFBC}") = "Task03StringManipulation", "Task03StringManipulation.csproj", "{2451B177-14E5-428C-A893-869E734A1DFE}"
EndProject
Global
	GlobalSection(SolutionConfigurationPlatforms) = preSolution
		Debug|Any CPU = Debug|Any CPU
		Release|Any CPU = Release|Any CPU
	EndGlobalSection
	GlobalSection(ProjectConfigurationPlatforms) = postSolution
		{2451B177-14E5-428C-A893-869E734A1DFE}.Debug|Any CPU.ActiveCfg = Debug|Any CPU
		{2451B177-14E5-428C-A893-869E734A1DFE}.Debug|Any CPU.Build.0 = Debug|Any CPU
		{2451B177-14E5-428C-A893-869E734A1DFE}.Release|Any CPU.ActiveCfg = Release|Any CPU
		{2451B177-14E5-428C-A893-869E734A1DFE}.Release|Any CPU.Build.0 = Release|Any CPU
	EndGlobalSection
	GlobalSection(SolutionProperties) = preSolution
		HideSolutionNode = FALSE
	EndGlobalSection
	GlobalSection(ExtensibilityGlobals) = postSolution
		SolutionGuid = {156D3C66-7150-41D2-BABB-419D617C2D0E}
	EndGlobalSection
EndGlobal
