
Microsoft Visual Studio Solution File, Format Version 12.00
# Visual Studio Version 17
VisualStudioVersion = 17.1.32421.90
MinimumVisualStudioVersion = 10.0.40219.1
Project("{FAE04EC0-301F-11D3-BF4B-00C04F79EFBC}") = "Task02UIElement", "Task02UIElement.csproj", "{C1152BBD-632F-437C-9C29-BB748D2AF587}"
EndProject
Global
	GlobalSection(SolutionConfigurationPlatforms) = preSolution
		Debug|Any CPU = Debug|Any CPU
		Release|Any CPU = Release|Any CPU
	EndGlobalSection
	GlobalSection(ProjectConfigurationPlatforms) = postSolution
		{C1152BBD-632F-437C-9C29-BB748D2AF587}.Debug|Any CPU.ActiveCfg = Debug|Any CPU
		{C1152BBD-632F-437C-9C29-BB748D2AF587}.Debug|Any CPU.Build.0 = Debug|Any CPU
		{C1152BBD-632F-437C-9C29-BB748D2AF587}.Release|Any CPU.ActiveCfg = Release|Any CPU
		{C1152BBD-632F-437C-9C29-BB748D2AF587}.Release|Any CPU.Build.0 = Release|Any CPU
	EndGlobalSection
	GlobalSection(SolutionProperties) = preSolution
		HideSolutionNode = FALSE
	EndGlobalSection
	GlobalSection(ExtensibilityGlobals) = postSolution
		SolutionGuid = {4F400AD7-AACE-4A27-BF1B-7D163CF8C02A}
	EndGlobalSection
EndGlobal
