
Microsoft Visual Studio Solution File, Format Version 12.00
# Visual Studio Version 17
VisualStudioVersion = 17.1.32421.90
MinimumVisualStudioVersion = 10.0.40219.1
Project("{FAE04EC0-301F-11D3-BF4B-00C04F79EFBC}") = "Task04CardDeck", "Task04CardDeck.csproj", "{7AC8F7B0-D867-49B0-A244-F0632358F35D}"
EndProject
Global
	GlobalSection(SolutionConfigurationPlatforms) = preSolution
		Debug|Any CPU = Debug|Any CPU
		Release|Any CPU = Release|Any CPU
	EndGlobalSection
	GlobalSection(ProjectConfigurationPlatforms) = postSolution
		{7AC8F7B0-D867-49B0-A244-F0632358F35D}.Debug|Any CPU.ActiveCfg = Debug|Any CPU
		{7AC8F7B0-D867-49B0-A244-F0632358F35D}.Debug|Any CPU.Build.0 = Debug|Any CPU
		{7AC8F7B0-D867-49B0-A244-F0632358F35D}.Release|Any CPU.ActiveCfg = Release|Any CPU
		{7AC8F7B0-D867-49B0-A244-F0632358F35D}.Release|Any CPU.Build.0 = Release|Any CPU
	EndGlobalSection
	GlobalSection(SolutionProperties) = preSolution
		HideSolutionNode = FALSE
	EndGlobalSection
	GlobalSection(ExtensibilityGlobals) = postSolution
		SolutionGuid = {282B63B5-B392-4D09-9B3A-FF19E7095766}
	EndGlobalSection
EndGlobal
