
Microsoft Visual Studio Solution File, Format Version 12.00
# Visual Studio Version 17
VisualStudioVersion = 17.1.32421.90
MinimumVisualStudioVersion = 10.0.40219.1
Project("{FAE04EC0-301F-11D3-BF4B-00C04F79EFBC}") = "Task08GladiatorBattles", "Task08GladiatorBattles.csproj", "{DB3B42E9-9BAA-4718-BFC0-638D121DF8AF}"
EndProject
Global
	GlobalSection(SolutionConfigurationPlatforms) = preSolution
		Debug|Any CPU = Debug|Any CPU
		Release|Any CPU = Release|Any CPU
	EndGlobalSection
	GlobalSection(ProjectConfigurationPlatforms) = postSolution
		{DB3B42E9-9BAA-4718-BFC0-638D121DF8AF}.Debug|Any CPU.ActiveCfg = Debug|Any CPU
		{DB3B42E9-9BAA-4718-BFC0-638D121DF8AF}.Debug|Any CPU.Build.0 = Debug|Any CPU
		{DB3B42E9-9BAA-4718-BFC0-638D121DF8AF}.Release|Any CPU.ActiveCfg = Release|Any CPU
		{DB3B42E9-9BAA-4718-BFC0-638D121DF8AF}.Release|Any CPU.Build.0 = Release|Any CPU
	EndGlobalSection
	GlobalSection(SolutionProperties) = preSolution
		HideSolutionNode = FALSE
	EndGlobalSection
	GlobalSection(ExtensibilityGlobals) = postSolution
		SolutionGuid = {59EB5317-082E-4D72-81BE-8D00B56052F4}
	EndGlobalSection
EndGlobal
