
Microsoft Visual Studio Solution File, Format Version 12.00
# Visual Studio Version 17
VisualStudioVersion = 17.1.32421.90
MinimumVisualStudioVersion = 10.0.40219.1
Project("{FAE04EC0-301F-11D3-BF4B-00C04F79EFBC}") = "Task12BossFight", "Task12BossFight.csproj", "{D37506F6-0FBB-4CAE-81F3-7A51A9F9E7DE}"
EndProject
Global
	GlobalSection(SolutionConfigurationPlatforms) = preSolution
		Debug|Any CPU = Debug|Any CPU
		Release|Any CPU = Release|Any CPU
	EndGlobalSection
	GlobalSection(ProjectConfigurationPlatforms) = postSolution
		{D37506F6-0FBB-4CAE-81F3-7A51A9F9E7DE}.Debug|Any CPU.ActiveCfg = Debug|Any CPU
		{D37506F6-0FBB-4CAE-81F3-7A51A9F9E7DE}.Debug|Any CPU.Build.0 = Debug|Any CPU
		{D37506F6-0FBB-4CAE-81F3-7A51A9F9E7DE}.Release|Any CPU.ActiveCfg = Release|Any CPU
		{D37506F6-0FBB-4CAE-81F3-7A51A9F9E7DE}.Release|Any CPU.Build.0 = Release|Any CPU
	EndGlobalSection
	GlobalSection(SolutionProperties) = preSolution
		HideSolutionNode = FALSE
	EndGlobalSection
	GlobalSection(ExtensibilityGlobals) = postSolution
		SolutionGuid = {B9E69E57-3BF8-4129-82CA-8701090EA344}
	EndGlobalSection
EndGlobal
