
Microsoft Visual Studio Solution File, Format Version 12.00
# Visual Studio Version 17
VisualStudioVersion = 17.1.32421.90
MinimumVisualStudioVersion = 10.0.40219.1
Project("{FAE04EC0-301F-11D3-BF4B-00C04F79EFBC}") = "Task01PersonnelRecords", "Task01PersonnelRecords.csproj", "{774C3DCD-96DA-4B36-B608-515A79E4C8A3}"
EndProject
Global
	GlobalSection(SolutionConfigurationPlatforms) = preSolution
		Debug|Any CPU = Debug|Any CPU
		Release|Any CPU = Release|Any CPU
	EndGlobalSection
	GlobalSection(ProjectConfigurationPlatforms) = postSolution
		{774C3DCD-96DA-4B36-B608-515A79E4C8A3}.Debug|Any CPU.ActiveCfg = Debug|Any CPU
		{774C3DCD-96DA-4B36-B608-515A79E4C8A3}.Debug|Any CPU.Build.0 = Debug|Any CPU
		{774C3DCD-96DA-4B36-B608-515A79E4C8A3}.Release|Any CPU.ActiveCfg = Release|Any CPU
		{774C3DCD-96DA-4B36-B608-515A79E4C8A3}.Release|Any CPU.Build.0 = Release|Any CPU
	EndGlobalSection
	GlobalSection(SolutionProperties) = preSolution
		HideSolutionNode = FALSE
	EndGlobalSection
	GlobalSection(ExtensibilityGlobals) = postSolution
		SolutionGuid = {62E4C8BD-48CA-419A-8A6B-7F990D5D385C}
	EndGlobalSection
EndGlobal
